
Microsoft Visual Studio Solution File, Format Version 12.00
# Visual Studio Version 17
VisualStudioVersion = 17.1.32210.238
MinimumVisualStudioVersion = 10.0.40219.1
Project("{9A19103F-16F7-4668-BE54-9A1E7A4F7556}") = "API-Protect-With-AspNetCore-Identity", "src\API-Protect-With-AspNetCore-Identity\API-Protect-With-AspNetCore-Identity.csproj", "{39627334-12EE-44C0-BC5E-9D493E782CCA}"
EndProject
Project("{9A19103F-16F7-4668-BE54-9A1E7A4F7556}") = "AspNetCore-Client-CallAPI", "src\AspNetCore-Client-CallAPI\AspNetCore-Client-CallAPI.csproj", "{711DC7E3-78AB-4F0A-A7E5-1165ED690F59}"
EndProject
Global
	GlobalSection(SolutionConfigurationPlatforms) = preSolution
		Debug|Any CPU = Debug|Any CPU
		Release|Any CPU = Release|Any CPU
	EndGlobalSection
	GlobalSection(ProjectConfigurationPlatforms) = postSolution
		{39627334-12EE-44C0-BC5E-9D493E782CCA}.Debug|Any CPU.ActiveCfg = Debug|Any CPU
		{39627334-12EE-44C0-BC5E-9D493E782CCA}.Debug|Any CPU.Build.0 = Debug|Any CPU
		{39627334-12EE-44C0-BC5E-9D493E782CCA}.Release|Any CPU.ActiveCfg = Release|Any CPU
		{39627334-12EE-44C0-BC5E-9D493E782CCA}.Release|Any CPU.Build.0 = Release|Any CPU
		{711DC7E3-78AB-4F0A-A7E5-1165ED690F59}.Debug|Any CPU.ActiveCfg = Debug|Any CPU
		{711DC7E3-78AB-4F0A-A7E5-1165ED690F59}.Debug|Any CPU.Build.0 = Debug|Any CPU
		{711DC7E3-78AB-4F0A-A7E5-1165ED690F59}.Release|Any CPU.ActiveCfg = Release|Any CPU
		{711DC7E3-78AB-4F0A-A7E5-1165ED690F59}.Release|Any CPU.Build.0 = Release|Any CPU
	EndGlobalSection
	GlobalSection(SolutionProperties) = preSolution
		HideSolutionNode = FALSE
	EndGlobalSection
	GlobalSection(ExtensibilityGlobals) = postSolution
		SolutionGuid = {4B7ECDBE-ADCB-4728-8520-F3DDC3084564}
	EndGlobalSection
EndGlobal
